
Microsoft Visual Studio Solution File, Format Version 12.00
# Visual Studio Version 16
VisualStudioVersion = 16.0.30330.147
MinimumVisualStudioVersion = 10.0.40219.1
Project("{9A19103F-16F7-4668-BE54-9A1E7A4F7556}") = "CrudGen", "CrudGen\CrudGen.csproj", "{2AF6F407-8D54-403D-A94F-DE28AB624633}"
EndProject
Project("{9A19103F-16F7-4668-BE54-9A1E7A4F7556}") = "CrudGen.Runtime", "CrudGen.Runtime\CrudGen.Runtime.csproj", "{B4B2BE90-E1A6-4AFE-8B4E-6C3CA62571C7}"
EndProject
Global
	GlobalSection(SolutionConfigurationPlatforms) = preSolution
		Debug|Any CPU = Debug|Any CPU
		Release|Any CPU = Release|Any CPU
	EndGlobalSection
	GlobalSection(ProjectConfigurationPlatforms) = postSolution
		{2AF6F407-8D54-403D-A94F-DE28AB624633}.Debug|Any CPU.ActiveCfg = Debug|Any CPU
		{2AF6F407-8D54-403D-A94F-DE28AB624633}.Debug|Any CPU.Build.0 = Debug|Any CPU
		{2AF6F407-8D54-403D-A94F-DE28AB624633}.Release|Any CPU.ActiveCfg = Release|Any CPU
		{2AF6F407-8D54-403D-A94F-DE28AB624633}.Release|Any CPU.Build.0 = Release|Any CPU
		{B4B2BE90-E1A6-4AFE-8B4E-6C3CA62571C7}.Debug|Any CPU.ActiveCfg = Debug|Any CPU
		{B4B2BE90-E1A6-4AFE-8B4E-6C3CA62571C7}.Debug|Any CPU.Build.0 = Debug|Any CPU
		{B4B2BE90-E1A6-4AFE-8B4E-6C3CA62571C7}.Release|Any CPU.ActiveCfg = Release|Any CPU
		{B4B2BE90-E1A6-4AFE-8B4E-6C3CA62571C7}.Release|Any CPU.Build.0 = Release|Any CPU
	EndGlobalSection
	GlobalSection(SolutionProperties) = preSolution
		HideSolutionNode = FALSE
	EndGlobalSection
	GlobalSection(ExtensibilityGlobals) = postSolution
		SolutionGuid = {EE852CB2-AF96-4B04-ACFE-62F878E6DC89}
	EndGlobalSection
EndGlobal
